Microsoft Visual Studio Solution File, Format Version 12.00
# Visual Studio Version 17
VisualStudioVersion = 17.5.2.0
MinimumVisualStudioVersion = 10.0.40219.1
Project("{FAE04EC0-301F-11D3-BF4B-00C04F79EFBC}") = "Chess_D_B", "Chess_D_B.csproj", "{E41B15E8-F377-54C7-5E9B-CF2EFC67E015}"
EndProject
Global
	GlobalSection(SolutionConfigurationPlatforms) = preSolution
		Debug|Any CPU = Debug|Any CPU
		Release|Any CPU = Release|Any CPU
	EndGlobalSection
	GlobalSection(ProjectConfigurationPlatforms) = postSolution
		{E41B15E8-F377-54C7-5E9B-CF2EFC67E015}.Debug|Any CPU.ActiveCfg = Debug|Any CPU
		{E41B15E8-F377-54C7-5E9B-CF2EFC67E015}.Debug|Any CPU.Build.0 = Debug|Any CPU
		{E41B15E8-F377-54C7-5E9B-CF2EFC67E015}.Release|Any CPU.ActiveCfg = Release|Any CPU
		{E41B15E8-F377-54C7-5E9B-CF2EFC67E015}.Release|Any CPU.Build.0 = Release|Any CPU
	EndGlobalSection
	GlobalSection(SolutionProperties) = preSolution
		HideSolutionNode = FALSE
	EndGlobalSection
	GlobalSection(ExtensibilityGlobals) = postSolution
		SolutionGuid = {3FA77B59-891D-45EB-8DDF-1164BB007F7B}
	EndGlobalSection
EndGlobal
